
Microsoft Visual Studio Solution File, Format Version 12.00
# Visual Studio Version 16
VisualStudioVersion = 16.0.29418.71
MinimumVisualStudioVersion = 10.0.40219.1
Project("{FAE04EC0-301F-11D3-BF4B-00C04F79EFBC}") = "csharp", "csharp.csproj", "{176C0214-9136-4079-8DAB-11D7420C3881}"
EndProject
Project("{9A19103F-16F7-4668-BE54-9A1E7A4F7556}") = "GildedRoseTests", "..\GildedRoseTests\GildedRoseTests.csproj", "{7789B12D-16E6-4613-B524-DF8020C46400}"
EndProject
Global
	GlobalSection(SolutionConfigurationPlatforms) = preSolution
		Debug|Any CPU = Debug|Any CPU
		Release|Any CPU = Release|Any CPU
	EndGlobalSection
	GlobalSection(ProjectConfigurationPlatforms) = postSolution
		{176C0214-9136-4079-8DAB-11D7420C3881}.Debug|Any CPU.ActiveCfg = Debug|Any CPU
		{176C0214-9136-4079-8DAB-11D7420C3881}.Debug|Any CPU.Build.0 = Debug|Any CPU
		{176C0214-9136-4079-8DAB-11D7420C3881}.Release|Any CPU.ActiveCfg = Release|Any CPU
		{176C0214-9136-4079-8DAB-11D7420C3881}.Release|Any CPU.Build.0 = Release|Any CPU
		{7789B12D-16E6-4613-B524-DF8020C46400}.Debug|Any CPU.ActiveCfg = Debug|Any CPU
		{7789B12D-16E6-4613-B524-DF8020C46400}.Debug|Any CPU.Build.0 = Debug|Any CPU
		{7789B12D-16E6-4613-B524-DF8020C46400}.Release|Any CPU.ActiveCfg = Release|Any CPU
		{7789B12D-16E6-4613-B524-DF8020C46400}.Release|Any CPU.Build.0 = Release|Any CPU
	EndGlobalSection
	GlobalSection(SolutionProperties) = preSolution
		HideSolutionNode = FALSE
	EndGlobalSection
	GlobalSection(ExtensibilityGlobals) = postSolution
		SolutionGuid = {2C2D18AF-7BC1-4329-AA64-E5B0894079E0}
	EndGlobalSection
EndGlobal
